
Microsoft Visual Studio Solution File, Format Version 12.00
# Visual Studio Version 17
VisualStudioVersion = 17.11.35222.181
MinimumVisualStudioVersion = 10.0.40219.1
Project("{FAE04EC0-301F-11D3-BF4B-00C04F79EFBC}") = "CalculadoraDio", "CalculadoraDio\CalculadoraDio.csproj", "{952F4E40-BB43-46C0-8194-1497F482D119}"
EndProject
Project("{FAE04EC0-301F-11D3-BF4B-00C04F79EFBC}") = "TesteCalculadora", "TesteCalculadora\TesteCalculadora.csproj", "{E15EDF6C-23C2-4A99-B61F-1AB0525F7B26}"
EndProject
Global
	GlobalSection(SolutionConfigurationPlatforms) = preSolution
		Debug|Any CPU = Debug|Any CPU
		Release|Any CPU = Release|Any CPU
	EndGlobalSection
	GlobalSection(ProjectConfigurationPlatforms) = postSolution
		{952F4E40-BB43-46C0-8194-1497F482D119}.Debug|Any CPU.ActiveCfg = Debug|Any CPU
		{952F4E40-BB43-46C0-8194-1497F482D119}.Debug|Any CPU.Build.0 = Debug|Any CPU
		{952F4E40-BB43-46C0-8194-1497F482D119}.Release|Any CPU.ActiveCfg = Release|Any CPU
		{952F4E40-BB43-46C0-8194-1497F482D119}.Release|Any CPU.Build.0 = Release|Any CPU
		{E15EDF6C-23C2-4A99-B61F-1AB0525F7B26}.Debug|Any CPU.ActiveCfg = Debug|Any CPU
		{E15EDF6C-23C2-4A99-B61F-1AB0525F7B26}.Debug|Any CPU.Build.0 = Debug|Any CPU
		{E15EDF6C-23C2-4A99-B61F-1AB0525F7B26}.Release|Any CPU.ActiveCfg = Release|Any CPU
		{E15EDF6C-23C2-4A99-B61F-1AB0525F7B26}.Release|Any CPU.Build.0 = Release|Any CPU
	EndGlobalSection
	GlobalSection(SolutionProperties) = preSolution
		HideSolutionNode = FALSE
	EndGlobalSection
	GlobalSection(ExtensibilityGlobals) = postSolution
		SolutionGuid = {1EEBBC52-EBCC-4AE9-8B73-FC082E4F2BD1}
	EndGlobalSection
EndGlobal
